Microsoft Visual Studio Solution File, Format Version 12.00
# Visual Studio 15
VisualStudioVersion = 15.0.27428.2037
MinimumVisualStudioVersion = 10.0.40219.1
Project("{9A19103F-16F7-4668-BE54-9A1E7A4F7556}") = "OpenLocationCode", "OpenLocationCode\OpenLocationCode.csproj", "{A9C637D5-A73C-4DD3-A6C9-C68FECF717DA}"
EndProject
Project("{9A19103F-16F7-4668-BE54-9A1E7A4F7556}") = "OpenLocationCode.Test", "OpenLocationCode.Test\OpenLocationCode.Test.csproj", "{426A09CB-AC1A-4F0E-973E-3AFB130A6E45}"
EndProject
Global
	GlobalSection(SolutionConfigurationPlatforms) = preSolution
		Debug|Any CPU = Debug|Any CPU
		Release|Any CPU = Release|Any CPU
	EndGlobalSection
	GlobalSection(ProjectConfigurationPlatforms) = postSolution
		{A9C637D5-A73C-4DD3-A6C9-C68FECF717DA}.Debug|Any CPU.ActiveCfg = Debug|Any CPU
		{A9C637D5-A73C-4DD3-A6C9-C68FECF717DA}.Debug|Any CPU.Build.0 = Debug|Any CPU
		{A9C637D5-A73C-4DD3-A6C9-C68FECF717DA}.Release|Any CPU.ActiveCfg = Release|Any CPU
		{A9C637D5-A73C-4DD3-A6C9-C68FECF717DA}.Release|Any CPU.Build.0 = Release|Any CPU
		{426A09CB-AC1A-4F0E-973E-3AFB130A6E45}.Debug|Any CPU.ActiveCfg = Debug|Any CPU
		{426A09CB-AC1A-4F0E-973E-3AFB130A6E45}.Debug|Any CPU.Build.0 = Debug|Any CPU
		{426A09CB-AC1A-4F0E-973E-3AFB130A6E45}.Release|Any CPU.ActiveCfg = Release|Any CPU
		{426A09CB-AC1A-4F0E-973E-3AFB130A6E45}.Release|Any CPU.Build.0 = Release|Any CPU
	EndGlobalSection
	GlobalSection(SolutionProperties) = preSolution
		HideSolutionNode = FALSE
	EndGlobalSection
	GlobalSection(ExtensibilityGlobals) = postSolution
		SolutionGuid = {D26C316C-6877-4620-B911-CC1FAE792736}
	EndGlobalSection
EndGlobal
